PODS:
  - RxCocoa (4.2.0):
    - RxSwift (~> 4.0)
  - RxOptional (3.5.0):
    - RxCocoa (~> 4.0)
    - RxSwift (~> 4.0)
  - RxSwift (4.2.0)
  - SnapKit (4.0.0)
  - Tibei (0.2)

DEPENDENCIES:
  - RxCocoa
  - RxOptional
  - RxSwift
  - SnapKit
  - Tibei

SPEC CHECKSUMS:
  RxCocoa: 0b54909c902e1e581212a03e690bbd94032d8baa
  RxOptional: bd32ff8ca9df4177683d56ffeb618a9d4d5d5cad
  RxSwift: 99e10317ddfcc7fbe01356aafd118fde4a0be104
  SnapKit: a42d492c16e80209130a3379f73596c3454b7694
  Tibei: 4c913e3b47f5656455afa015863a5dc707ef9b36

PODFILE CHECKSUM: d90990f6a5d8291a517ca7fcc7531adb7d4415e4

COCOAPODS: 1.4.0
