PODS:
  - RxCocoa (4.3.0):
    - RxSwift (~> 4.0)
  - RxOptional (3.5.0):
    - RxCocoa (~> 4.0)
    - RxSwift (~> 4.0)
  - RxSwift (4.3.0)
  - SnapKit (4.0.1)
  - Tibei (0.2)

DEPENDENCIES:
  - RxCocoa
  - RxOptional
  - RxSwift
  - SnapKit
  - Tibei

SPEC REPOS:
  https://github.com/cocoapods/specs.git:
    - RxCocoa
    - RxOptional
    - RxSwift
    - SnapKit
    - Tibei

SPEC CHECKSUMS:
  RxCocoa: 71b9cce833fbcb89a8eec11816dd225830c2bd3c
  RxOptional: bd32ff8ca9df4177683d56ffeb618a9d4d5d5cad
  RxSwift: a9717a34df3179fe63563f76e046ad345078dd3a
  SnapKit: 0de968a9fec17499afa29683b05d0c775b6d1c29
  Tibei: 4c913e3b47f5656455afa015863a5dc707ef9b36

PODFILE CHECKSUM: d90990f6a5d8291a517ca7fcc7531adb7d4415e4

COCOAPODS: 1.5.3
